
Microsoft Visual Studio Solution File, Format Version 12.00
# Visual Studio 14
VisualStudioVersion = 14.0.25420.1
MinimumVisualStudioVersion = 10.0.40219.1
Project("{FAE04EC0-301F-11D3-BF4B-00C04F79EFBC}") = "Income.Web", "Income.Web\Income.Web.csproj", "{7170796C-E770-45F6-A39C-D1B4458ADE97}"
EndProject
Project("{FAE04EC0-301F-11D3-BF4B-00C04F79EFBC}") = "Income.Models", "Income.Models\Income.Models.csproj", "{F9B2F383-48D8-428F-8529-5B239DB3F253}"
EndProject
Project("{FAE04EC0-301F-11D3-BF4B-00C04F79EFBC}") = "Income.Services", "Income.Services\Income.Services.csproj", "{B970BE44-E73B-4623-8A8F-E545E31F554D}"
EndProject
Project("{FAE04EC0-301F-11D3-BF4B-00C04F79EFBC}") = "Income.Repositories", "Income.Repositories\Income.Repositories.csproj", "{C3E91B5C-DBE1-4582-855A-7FF86A95AA3F}"
EndProject
Project("{FAE04EC0-301F-11D3-BF4B-00C04F79EFBC}") = "Income.DataTransferObjects", "Income.DataTransferObjects\Income.DataTransferObjects.csproj", "{E08CB9F7-42FE-40AB-99BC-A8B5D23EE511}"
EndProject
Global
	GlobalSection(SolutionConfigurationPlatforms) = preSolution
		Debug|Any CPU = Debug|Any CPU
		Release|Any CPU = Release|Any CPU
	EndGlobalSection
	GlobalSection(ProjectConfigurationPlatforms) = postSolution
		{7170796C-E770-45F6-A39C-D1B4458ADE97}.Debug|Any CPU.ActiveCfg = Debug|Any CPU
		{7170796C-E770-45F6-A39C-D1B4458ADE97}.Debug|Any CPU.Build.0 = Debug|Any CPU
		{7170796C-E770-45F6-A39C-D1B4458ADE97}.Release|Any CPU.ActiveCfg = Release|Any CPU
		{7170796C-E770-45F6-A39C-D1B4458ADE97}.Release|Any CPU.Build.0 = Release|Any CPU
		{F9B2F383-48D8-428F-8529-5B239DB3F253}.Debug|Any CPU.ActiveCfg = Debug|Any CPU
		{F9B2F383-48D8-428F-8529-5B239DB3F253}.Debug|Any CPU.Build.0 = Debug|Any CPU
		{F9B2F383-48D8-428F-8529-5B239DB3F253}.Release|Any CPU.ActiveCfg = Release|Any CPU
		{F9B2F383-48D8-428F-8529-5B239DB3F253}.Release|Any CPU.Build.0 = Release|Any CPU
		{B970BE44-E73B-4623-8A8F-E545E31F554D}.Debug|Any CPU.ActiveCfg = Debug|Any CPU
		{B970BE44-E73B-4623-8A8F-E545E31F554D}.Debug|Any CPU.Build.0 = Debug|Any CPU
		{B970BE44-E73B-4623-8A8F-E545E31F554D}.Release|Any CPU.ActiveCfg = Release|Any CPU
		{B970BE44-E73B-4623-8A8F-E545E31F554D}.Release|Any CPU.Build.0 = Release|Any CPU
		{C3E91B5C-DBE1-4582-855A-7FF86A95AA3F}.Debug|Any CPU.ActiveCfg = Debug|Any CPU
		{C3E91B5C-DBE1-4582-855A-7FF86A95AA3F}.Debug|Any CPU.Build.0 = Debug|Any CPU
		{C3E91B5C-DBE1-4582-855A-7FF86A95AA3F}.Release|Any CPU.ActiveCfg = Release|Any CPU
		{C3E91B5C-DBE1-4582-855A-7FF86A95AA3F}.Release|Any CPU.Build.0 = Release|Any CPU
		{E08CB9F7-42FE-40AB-99BC-A8B5D23EE511}.Debug|Any CPU.ActiveCfg = Debug|Any CPU
		{E08CB9F7-42FE-40AB-99BC-A8B5D23EE511}.Debug|Any CPU.Build.0 = Debug|Any CPU
		{E08CB9F7-42FE-40AB-99BC-A8B5D23EE511}.Release|Any CPU.ActiveCfg = Release|Any CPU
		{E08CB9F7-42FE-40AB-99BC-A8B5D23EE511}.Release|Any CPU.Build.0 = Release|Any CPU
	EndGlobalSection
	GlobalSection(SolutionProperties) = preSolution
		HideSolutionNode = FALSE
	EndGlobalSection
EndGlobal
